
Microsoft Visual Studio Solution File, Format Version 12.00
# Visual Studio Version 16
VisualStudioVersion = 25.0.1705.0
MinimumVisualStudioVersion = 10.0.40219.1
Project("{FAE04EC0-301F-11D3-BF4B-00C04F79EFBC}") = "Meridian2", "Meridian2.csproj", "{7FA121BF-44B7-46BD-8234-67B7ECBDC61C}"
EndProject
Global
	GlobalSection(SolutionConfigurationPlatforms) = preSolution
		Debug|Any CPU = Debug|Any CPU
		Release|Any CPU = Release|Any CPU
	EndGlobalSection
	GlobalSection(ProjectConfigurationPlatforms) = postSolution
		{7FA121BF-44B7-46BD-8234-67B7ECBDC61C}.Debug|Any CPU.ActiveCfg = Debug|Any CPU
		{7FA121BF-44B7-46BD-8234-67B7ECBDC61C}.Debug|Any CPU.Build.0 = Debug|Any CPU
		{7FA121BF-44B7-46BD-8234-67B7ECBDC61C}.Release|Any CPU.ActiveCfg = Release|Any CPU
		{7FA121BF-44B7-46BD-8234-67B7ECBDC61C}.Release|Any CPU.Build.0 = Release|Any CPU
	EndGlobalSection
	GlobalSection(SolutionProperties) = preSolution
		HideSolutionNode = FALSE
	EndGlobalSection
	GlobalSection(ExtensibilityGlobals) = postSolution
		SolutionGuid = {815BE17F-A0FC-4825-A294-A745ACB551CE}
	EndGlobalSection
EndGlobal
